dependencies:
- name: mongo
  repository: file://charts/mongo
  version: 0.1.6
- name: rabbit
  repository: file://charts/rabbit
  version: 0.1.6
- name: postgres
  repository: file://charts/postgres
  version: 0.1.7
digest: sha256:3e3cfddb90fb13153ad0110499e1111e9b39fe880ead551608554a516403ad07
generated: "2024-09-11T10:16:42.585286+09:00"
